
Microsoft Visual Studio Solution File, Format Version 12.00
# Visual Studio 14
VisualStudioVersion = 14.0.25123.0
MinimumVisualStudioVersion = 10.0.40219.1
Project("{8BC9CEB8-8B4A-11D0-8D11-00A0C91BC942}") = "Simple Moba Client", "Simple Moba\Simple Moba.vcxproj", "{C99DA02F-71A0-40F0-9E35-34ACEF3E2C80}"
EndProject
Project("{8BC9CEB8-8B4A-11D0-8D11-00A0C91BC942}") = "EngineGameModel", "EngineGameModel\EngineGameModel.vcxproj", "{7DF58374-E792-4876-9C0A-2E079DCBCA40}"
EndProject
Project("{8BC9CEB8-8B4A-11D0-8D11-00A0C91BC942}") = "CoreGame", "CoreGame\CoreGame.vcxproj", "{25CB84A8-1433-44E8-8508-0BB1421EADD4}"
EndProject
Project("{8BC9CEB8-8B4A-11D0-8D11-00A0C91BC942}") = "EngineGameModuleDirectX9", "EngineGameModuleDirectX9\EngineGameModuleDirectX9.vcxproj", "{D60C9240-7384-4391-BEE4-8B5D9A06566B}"
EndProject
Project("{8BC9CEB8-8B4A-11D0-8D11-00A0C91BC942}") = "EngineMoba", "EngineMoba\EngineMoba.vcxproj", "{B6F42460-A4A8-495E-879C-D6D632564291}"
EndProject
Project("{8BC9CEB8-8B4A-11D0-8D11-00A0C91BC942}") = "SimpleMobaClientNet", "EngineNetClient\EngineNetClient.vcxproj", "{AC980FAF-E3A7-4B9B-BC10-F574F3CCB87C}"
EndProject
Project("{8BC9CEB8-8B4A-11D0-8D11-00A0C91BC942}") = "SimpleMobaServerNet", "SimpleMobaServerNet\SimpleMobaServerNet.vcxproj", "{D9D47246-F0D2-4E4A-8F52-6AA9E0AF8040}"
EndProject
Project("{8BC9CEB8-8B4A-11D0-8D11-00A0C91BC942}") = "SimpleMobaServer", "SimpleMobaServer\SimpleMobaServer.vcxproj", "{CD51CB7D-15F6-4A63-B80E-7191430D4DB0}"
EndProject
Project("{8BC9CEB8-8B4A-11D0-8D11-00A0C91BC942}") = "EngineGameNet", "EngineGameNet\EngineGameNet.vcxproj", "{A9096F1A-F7EA-4D78-94F9-B76FAEE6CABC}"
EndProject
Global
	GlobalSection(SolutionConfigurationPlatforms) = preSolution
		Debug|Any CPU = Debug|Any CPU
		Debug|ARM = Debug|ARM
		Debug|Mixed Platforms = Debug|Mixed Platforms
		Debug|Win32 = Debug|Win32
		Debug|x64 = Debug|x64
		Debug|x86 = Debug|x86
		Release|Any CPU = Release|Any CPU
		Release|ARM = Release|ARM
		Release|Mixed Platforms = Release|Mixed Platforms
		Release|Win32 = Release|Win32
		Release|x64 = Release|x64
		Release|x86 = Release|x86
	EndGlobalSection
	GlobalSection(ProjectConfigurationPlatforms) = postSolution
		{C99DA02F-71A0-40F0-9E35-34ACEF3E2C80}.Debug|Any CPU.ActiveCfg = Debug|Win32
		{C99DA02F-71A0-40F0-9E35-34ACEF3E2C80}.Debug|ARM.ActiveCfg = Debug|Win32
		{C99DA02F-71A0-40F0-9E35-34ACEF3E2C80}.Debug|Mixed Platforms.ActiveCfg = Debug|Win32
		{C99DA02F-71A0-40F0-9E35-34ACEF3E2C80}.Debug|Mixed Platforms.Build.0 = Debug|Win32
		{C99DA02F-71A0-40F0-9E35-34ACEF3E2C80}.Debug|Win32.ActiveCfg = Debug|Win32
		{C99DA02F-71A0-40F0-9E35-34ACEF3E2C80}.Debug|Win32.Build.0 = Debug|Win32
		{C99DA02F-71A0-40F0-9E35-34ACEF3E2C80}.Debug|x64.ActiveCfg = Debug|Win32
		{C99DA02F-71A0-40F0-9E35-34ACEF3E2C80}.Debug|x86.ActiveCfg = Debug|Win32
		{C99DA02F-71A0-40F0-9E35-34ACEF3E2C80}.Debug|x86.Build.0 = Debug|Win32
		{C99DA02F-71A0-40F0-9E35-34ACEF3E2C80}.Release|Any CPU.ActiveCfg = Release|Win32
		{C99DA02F-71A0-40F0-9E35-34ACEF3E2C80}.Release|ARM.ActiveCfg = Release|Win32
		{C99DA02F-71A0-40F0-9E35-34ACEF3E2C80}.Release|Mixed Platforms.ActiveCfg = Release|Win32
		{C99DA02F-71A0-40F0-9E35-34ACEF3E2C80}.Release|Mixed Platforms.Build.0 = Release|Win32
		{C99DA02F-71A0-40F0-9E35-34ACEF3E2C80}.Release|Win32.ActiveCfg = Release|Win32
		{C99DA02F-71A0-40F0-9E35-34ACEF3E2C80}.Release|Win32.Build.0 = Release|Win32
		{C99DA02F-71A0-40F0-9E35-34ACEF3E2C80}.Release|x64.ActiveCfg = Release|Win32
		{C99DA02F-71A0-40F0-9E35-34ACEF3E2C80}.Release|x86.ActiveCfg = Release|Win32
		{C99DA02F-71A0-40F0-9E35-34ACEF3E2C80}.Release|x86.Build.0 = Release|Win32
		{7DF58374-E792-4876-9C0A-2E079DCBCA40}.Debug|Any CPU.ActiveCfg = Debug|Win32
		{7DF58374-E792-4876-9C0A-2E079DCBCA40}.Debug|ARM.ActiveCfg = Debug|Win32
		{7DF58374-E792-4876-9C0A-2E079DCBCA40}.Debug|Mixed Platforms.ActiveCfg = Debug|Win32
		{7DF58374-E792-4876-9C0A-2E079DCBCA40}.Debug|Mixed Platforms.Build.0 = Debug|Win32
		{7DF58374-E792-4876-9C0A-2E079DCBCA40}.Debug|Win32.ActiveCfg = Debug|Win32
		{7DF58374-E792-4876-9C0A-2E079DCBCA40}.Debug|Win32.Build.0 = Debug|Win32
		{7DF58374-E792-4876-9C0A-2E079DCBCA40}.Debug|x64.ActiveCfg = Debug|x64
		{7DF58374-E792-4876-9C0A-2E079DCBCA40}.Debug|x64.Build.0 = Debug|x64
		{7DF58374-E792-4876-9C0A-2E079DCBCA40}.Debug|x86.ActiveCfg = Debug|Win32
		{7DF58374-E792-4876-9C0A-2E079DCBCA40}.Debug|x86.Build.0 = Debug|Win32
		{7DF58374-E792-4876-9C0A-2E079DCBCA40}.Release|Any CPU.ActiveCfg = Release|Win32
		{7DF58374-E792-4876-9C0A-2E079DCBCA40}.Release|ARM.ActiveCfg = Release|Win32
		{7DF58374-E792-4876-9C0A-2E079DCBCA40}.Release|Mixed Platforms.ActiveCfg = Release|Win32
		{7DF58374-E792-4876-9C0A-2E079DCBCA40}.Release|Mixed Platforms.Build.0 = Release|Win32
		{7DF58374-E792-4876-9C0A-2E079DCBCA40}.Release|Win32.ActiveCfg = Release|Win32
		{7DF58374-E792-4876-9C0A-2E079DCBCA40}.Release|Win32.Build.0 = Release|Win32
		{7DF58374-E792-4876-9C0A-2E079DCBCA40}.Release|x64.ActiveCfg = Release|x64
		{7DF58374-E792-4876-9C0A-2E079DCBCA40}.Release|x64.Build.0 = Release|x64
		{7DF58374-E792-4876-9C0A-2E079DCBCA40}.Release|x86.ActiveCfg = Release|Win32
		{7DF58374-E792-4876-9C0A-2E079DCBCA40}.Release|x86.Build.0 = Release|Win32
		{25CB84A8-1433-44E8-8508-0BB1421EADD4}.Debug|Any CPU.ActiveCfg = Debug|Win32
		{25CB84A8-1433-44E8-8508-0BB1421EADD4}.Debug|ARM.ActiveCfg = Debug|Win32
		{25CB84A8-1433-44E8-8508-0BB1421EADD4}.Debug|Mixed Platforms.ActiveCfg = Debug|Win32
		{25CB84A8-1433-44E8-8508-0BB1421EADD4}.Debug|Mixed Platforms.Build.0 = Debug|Win32
		{25CB84A8-1433-44E8-8508-0BB1421EADD4}.Debug|Win32.ActiveCfg = Debug|Win32
		{25CB84A8-1433-44E8-8508-0BB1421EADD4}.Debug|Win32.Build.0 = Debug|Win32
		{25CB84A8-1433-44E8-8508-0BB1421EADD4}.Debug|x64.ActiveCfg = Debug|x64
		{25CB84A8-1433-44E8-8508-0BB1421EADD4}.Debug|x64.Build.0 = Debug|x64
		{25CB84A8-1433-44E8-8508-0BB1421EADD4}.Debug|x86.ActiveCfg = Debug|Win32
		{25CB84A8-1433-44E8-8508-0BB1421EADD4}.Debug|x86.Build.0 = Debug|Win32
		{25CB84A8-1433-44E8-8508-0BB1421EADD4}.Release|Any CPU.ActiveCfg = Release|Win32
		{25CB84A8-1433-44E8-8508-0BB1421EADD4}.Release|ARM.ActiveCfg = Release|Win32
		{25CB84A8-1433-44E8-8508-0BB1421EADD4}.Release|Mixed Platforms.ActiveCfg = Release|Win32
		{25CB84A8-1433-44E8-8508-0BB1421EADD4}.Release|Mixed Platforms.Build.0 = Release|Win32
		{25CB84A8-1433-44E8-8508-0BB1421EADD4}.Release|Win32.ActiveCfg = Release|Win32
		{25CB84A8-1433-44E8-8508-0BB1421EADD4}.Release|Win32.Build.0 = Release|Win32
		{25CB84A8-1433-44E8-8508-0BB1421EADD4}.Release|x64.ActiveCfg = Release|x64
		{25CB84A8-1433-44E8-8508-0BB1421EADD4}.Release|x64.Build.0 = Release|x64
		{25CB84A8-1433-44E8-8508-0BB1421EADD4}.Release|x86.ActiveCfg = Release|Win32
		{25CB84A8-1433-44E8-8508-0BB1421EADD4}.Release|x86.Build.0 = Release|Win32
		{D60C9240-7384-4391-BEE4-8B5D9A06566B}.Debug|Any CPU.ActiveCfg = Debug|Win32
		{D60C9240-7384-4391-BEE4-8B5D9A06566B}.Debug|ARM.ActiveCfg = Debug|Win32
		{D60C9240-7384-4391-BEE4-8B5D9A06566B}.Debug|Mixed Platforms.ActiveCfg = Debug|Win32
		{D60C9240-7384-4391-BEE4-8B5D9A06566B}.Debug|Mixed Platforms.Build.0 = Debug|Win32
		{D60C9240-7384-4391-BEE4-8B5D9A06566B}.Debug|Win32.ActiveCfg = Debug|Win32
		{D60C9240-7384-4391-BEE4-8B5D9A06566B}.Debug|Win32.Build.0 = Debug|Win32
		{D60C9240-7384-4391-BEE4-8B5D9A06566B}.Debug|x64.ActiveCfg = Debug|x64
		{D60C9240-7384-4391-BEE4-8B5D9A06566B}.Debug|x64.Build.0 = Debug|x64
		{D60C9240-7384-4391-BEE4-8B5D9A06566B}.Debug|x86.ActiveCfg = Debug|Win32
		{D60C9240-7384-4391-BEE4-8B5D9A06566B}.Debug|x86.Build.0 = Debug|Win32
		{D60C9240-7384-4391-BEE4-8B5D9A06566B}.Release|Any CPU.ActiveCfg = Release|Win32
		{D60C9240-7384-4391-BEE4-8B5D9A06566B}.Release|ARM.ActiveCfg = Release|Win32
		{D60C9240-7384-4391-BEE4-8B5D9A06566B}.Release|Mixed Platforms.ActiveCfg = Release|Win32
		{D60C9240-7384-4391-BEE4-8B5D9A06566B}.Release|Mixed Platforms.Build.0 = Release|Win32
		{D60C9240-7384-4391-BEE4-8B5D9A06566B}.Release|Win32.ActiveCfg = Release|Win32
		{D60C9240-7384-4391-BEE4-8B5D9A06566B}.Release|Win32.Build.0 = Release|Win32
		{D60C9240-7384-4391-BEE4-8B5D9A06566B}.Release|x64.ActiveCfg = Release|x64
		{D60C9240-7384-4391-BEE4-8B5D9A06566B}.Release|x64.Build.0 = Release|x64
		{D60C9240-7384-4391-BEE4-8B5D9A06566B}.Release|x86.ActiveCfg = Release|Win32
		{D60C9240-7384-4391-BEE4-8B5D9A06566B}.Release|x86.Build.0 = Release|Win32
		{B6F42460-A4A8-495E-879C-D6D632564291}.Debug|Any CPU.ActiveCfg = Debug|Win32
		{B6F42460-A4A8-495E-879C-D6D632564291}.Debug|ARM.ActiveCfg = Debug|Win32
		{B6F42460-A4A8-495E-879C-D6D632564291}.Debug|Mixed Platforms.ActiveCfg = Debug|Win32
		{B6F42460-A4A8-495E-879C-D6D632564291}.Debug|Mixed Platforms.Build.0 = Debug|Win32
		{B6F42460-A4A8-495E-879C-D6D632564291}.Debug|Win32.ActiveCfg = Debug|Win32
		{B6F42460-A4A8-495E-879C-D6D632564291}.Debug|Win32.Build.0 = Debug|Win32
		{B6F42460-A4A8-495E-879C-D6D632564291}.Debug|x64.ActiveCfg = Debug|x64
		{B6F42460-A4A8-495E-879C-D6D632564291}.Debug|x64.Build.0 = Debug|x64
		{B6F42460-A4A8-495E-879C-D6D632564291}.Debug|x86.ActiveCfg = Debug|Win32
		{B6F42460-A4A8-495E-879C-D6D632564291}.Debug|x86.Build.0 = Debug|Win32
		{B6F42460-A4A8-495E-879C-D6D632564291}.Release|Any CPU.ActiveCfg = Release|Win32
		{B6F42460-A4A8-495E-879C-D6D632564291}.Release|ARM.ActiveCfg = Release|Win32
		{B6F42460-A4A8-495E-879C-D6D632564291}.Release|Mixed Platforms.ActiveCfg = Release|Win32
		{B6F42460-A4A8-495E-879C-D6D632564291}.Release|Mixed Platforms.Build.0 = Release|Win32
		{B6F42460-A4A8-495E-879C-D6D632564291}.Release|Win32.ActiveCfg = Release|Win32
		{B6F42460-A4A8-495E-879C-D6D632564291}.Release|Win32.Build.0 = Release|Win32
		{B6F42460-A4A8-495E-879C-D6D632564291}.Release|x64.ActiveCfg = Release|x64
		{B6F42460-A4A8-495E-879C-D6D632564291}.Release|x64.Build.0 = Release|x64
		{B6F42460-A4A8-495E-879C-D6D632564291}.Release|x86.ActiveCfg = Release|Win32
		{B6F42460-A4A8-495E-879C-D6D632564291}.Release|x86.Build.0 = Release|Win32
		{AC980FAF-E3A7-4B9B-BC10-F574F3CCB87C}.Debug|Any CPU.ActiveCfg = Debug|Win32
		{AC980FAF-E3A7-4B9B-BC10-F574F3CCB87C}.Debug|ARM.ActiveCfg = Debug|Win32
		{AC980FAF-E3A7-4B9B-BC10-F574F3CCB87C}.Debug|Mixed Platforms.ActiveCfg = Debug|Win32
		{AC980FAF-E3A7-4B9B-BC10-F574F3CCB87C}.Debug|Mixed Platforms.Build.0 = Debug|Win32
		{AC980FAF-E3A7-4B9B-BC10-F574F3CCB87C}.Debug|Win32.ActiveCfg = Debug|Win32
		{AC980FAF-E3A7-4B9B-BC10-F574F3CCB87C}.Debug|Win32.Build.0 = Debug|Win32
		{AC980FAF-E3A7-4B9B-BC10-F574F3CCB87C}.Debug|x64.ActiveCfg = Debug|x64
		{AC980FAF-E3A7-4B9B-BC10-F574F3CCB87C}.Debug|x64.Build.0 = Debug|x64
		{AC980FAF-E3A7-4B9B-BC10-F574F3CCB87C}.Debug|x86.ActiveCfg = Debug|Win32
		{AC980FAF-E3A7-4B9B-BC10-F574F3CCB87C}.Debug|x86.Build.0 = Debug|Win32
		{AC980FAF-E3A7-4B9B-BC10-F574F3CCB87C}.Release|Any CPU.ActiveCfg = Release|Win32
		{AC980FAF-E3A7-4B9B-BC10-F574F3CCB87C}.Release|ARM.ActiveCfg = Release|Win32
		{AC980FAF-E3A7-4B9B-BC10-F574F3CCB87C}.Release|Mixed Platforms.ActiveCfg = Release|Win32
		{AC980FAF-E3A7-4B9B-BC10-F574F3CCB87C}.Release|Mixed Platforms.Build.0 = Release|Win32
		{AC980FAF-E3A7-4B9B-BC10-F574F3CCB87C}.Release|Win32.ActiveCfg = Release|Win32
		{AC980FAF-E3A7-4B9B-BC10-F574F3CCB87C}.Release|Win32.Build.0 = Release|Win32
		{AC980FAF-E3A7-4B9B-BC10-F574F3CCB87C}.Release|x64.ActiveCfg = Release|x64
		{AC980FAF-E3A7-4B9B-BC10-F574F3CCB87C}.Release|x64.Build.0 = Release|x64
		{AC980FAF-E3A7-4B9B-BC10-F574F3CCB87C}.Release|x86.ActiveCfg = Release|Win32
		{AC980FAF-E3A7-4B9B-BC10-F574F3CCB87C}.Release|x86.Build.0 = Release|Win32
		{D9D47246-F0D2-4E4A-8F52-6AA9E0AF8040}.Debug|Any CPU.ActiveCfg = Debug|Win32
		{D9D47246-F0D2-4E4A-8F52-6AA9E0AF8040}.Debug|ARM.ActiveCfg = Debug|Win32
		{D9D47246-F0D2-4E4A-8F52-6AA9E0AF8040}.Debug|Mixed Platforms.ActiveCfg = Debug|Win32
		{D9D47246-F0D2-4E4A-8F52-6AA9E0AF8040}.Debug|Mixed Platforms.Build.0 = Debug|Win32
		{D9D47246-F0D2-4E4A-8F52-6AA9E0AF8040}.Debug|Win32.ActiveCfg = Debug|Win32
		{D9D47246-F0D2-4E4A-8F52-6AA9E0AF8040}.Debug|Win32.Build.0 = Debug|Win32
		{D9D47246-F0D2-4E4A-8F52-6AA9E0AF8040}.Debug|x64.ActiveCfg = Debug|x64
		{D9D47246-F0D2-4E4A-8F52-6AA9E0AF8040}.Debug|x64.Build.0 = Debug|x64
		{D9D47246-F0D2-4E4A-8F52-6AA9E0AF8040}.Debug|x86.ActiveCfg = Debug|Win32
		{D9D47246-F0D2-4E4A-8F52-6AA9E0AF8040}.Debug|x86.Build.0 = Debug|Win32
		{D9D47246-F0D2-4E4A-8F52-6AA9E0AF8040}.Release|Any CPU.ActiveCfg = Release|Win32
		{D9D47246-F0D2-4E4A-8F52-6AA9E0AF8040}.Release|ARM.ActiveCfg = Release|Win32
		{D9D47246-F0D2-4E4A-8F52-6AA9E0AF8040}.Release|Mixed Platforms.ActiveCfg = Release|Win32
		{D9D47246-F0D2-4E4A-8F52-6AA9E0AF8040}.Release|Mixed Platforms.Build.0 = Release|Win32
		{D9D47246-F0D2-4E4A-8F52-6AA9E0AF8040}.Release|Win32.ActiveCfg = Release|Win32
		{D9D47246-F0D2-4E4A-8F52-6AA9E0AF8040}.Release|Win32.Build.0 = Release|Win32
		{D9D47246-F0D2-4E4A-8F52-6AA9E0AF8040}.Release|x64.ActiveCfg = Release|x64
		{D9D47246-F0D2-4E4A-8F52-6AA9E0AF8040}.Release|x64.Build.0 = Release|x64
		{D9D47246-F0D2-4E4A-8F52-6AA9E0AF8040}.Release|x86.ActiveCfg = Release|Win32
		{D9D47246-F0D2-4E4A-8F52-6AA9E0AF8040}.Release|x86.Build.0 = Release|Win32
		{CD51CB7D-15F6-4A63-B80E-7191430D4DB0}.Debug|Any CPU.ActiveCfg = Debug|Win32
		{CD51CB7D-15F6-4A63-B80E-7191430D4DB0}.Debug|ARM.ActiveCfg = Debug|Win32
		{CD51CB7D-15F6-4A63-B80E-7191430D4DB0}.Debug|Mixed Platforms.ActiveCfg = Debug|Win32
		{CD51CB7D-15F6-4A63-B80E-7191430D4DB0}.Debug|Mixed Platforms.Build.0 = Debug|Win32
		{CD51CB7D-15F6-4A63-B80E-7191430D4DB0}.Debug|Win32.ActiveCfg = Debug|Win32
		{CD51CB7D-15F6-4A63-B80E-7191430D4DB0}.Debug|Win32.Build.0 = Debug|Win32
		{CD51CB7D-15F6-4A63-B80E-7191430D4DB0}.Debug|x64.ActiveCfg = Debug|x64
		{CD51CB7D-15F6-4A63-B80E-7191430D4DB0}.Debug|x64.Build.0 = Debug|x64
		{CD51CB7D-15F6-4A63-B80E-7191430D4DB0}.Debug|x86.ActiveCfg = Debug|Win32
		{CD51CB7D-15F6-4A63-B80E-7191430D4DB0}.Debug|x86.Build.0 = Debug|Win32
		{CD51CB7D-15F6-4A63-B80E-7191430D4DB0}.Release|Any CPU.ActiveCfg = Release|Win32
		{CD51CB7D-15F6-4A63-B80E-7191430D4DB0}.Release|ARM.ActiveCfg = Release|Win32
		{CD51CB7D-15F6-4A63-B80E-7191430D4DB0}.Release|Mixed Platforms.ActiveCfg = Release|Win32
		{CD51CB7D-15F6-4A63-B80E-7191430D4DB0}.Release|Mixed Platforms.Build.0 = Release|Win32
		{CD51CB7D-15F6-4A63-B80E-7191430D4DB0}.Release|Win32.ActiveCfg = Release|Win32
		{CD51CB7D-15F6-4A63-B80E-7191430D4DB0}.Release|Win32.Build.0 = Release|Win32
		{CD51CB7D-15F6-4A63-B80E-7191430D4DB0}.Release|x64.ActiveCfg = Release|x64
		{CD51CB7D-15F6-4A63-B80E-7191430D4DB0}.Release|x64.Build.0 = Release|x64
		{CD51CB7D-15F6-4A63-B80E-7191430D4DB0}.Release|x86.ActiveCfg = Release|Win32
		{CD51CB7D-15F6-4A63-B80E-7191430D4DB0}.Release|x86.Build.0 = Release|Win32
		{A9096F1A-F7EA-4D78-94F9-B76FAEE6CABC}.Debug|Any CPU.ActiveCfg = Debug|Win32
		{A9096F1A-F7EA-4D78-94F9-B76FAEE6CABC}.Debug|ARM.ActiveCfg = Debug|Win32
		{A9096F1A-F7EA-4D78-94F9-B76FAEE6CABC}.Debug|Mixed Platforms.ActiveCfg = Debug|Win32
		{A9096F1A-F7EA-4D78-94F9-B76FAEE6CABC}.Debug|Mixed Platforms.Build.0 = Debug|Win32
		{A9096F1A-F7EA-4D78-94F9-B76FAEE6CABC}.Debug|Win32.ActiveCfg = Debug|Win32
		{A9096F1A-F7EA-4D78-94F9-B76FAEE6CABC}.Debug|Win32.Build.0 = Debug|Win32
		{A9096F1A-F7EA-4D78-94F9-B76FAEE6CABC}.Debug|x64.ActiveCfg = Debug|x64
		{A9096F1A-F7EA-4D78-94F9-B76FAEE6CABC}.Debug|x64.Build.0 = Debug|x64
		{A9096F1A-F7EA-4D78-94F9-B76FAEE6CABC}.Debug|x86.ActiveCfg = Debug|Win32
		{A9096F1A-F7EA-4D78-94F9-B76FAEE6CABC}.Debug|x86.Build.0 = Debug|Win32
		{A9096F1A-F7EA-4D78-94F9-B76FAEE6CABC}.Release|Any CPU.ActiveCfg = Release|Win32
		{A9096F1A-F7EA-4D78-94F9-B76FAEE6CABC}.Release|ARM.ActiveCfg = Release|Win32
		{A9096F1A-F7EA-4D78-94F9-B76FAEE6CABC}.Release|Mixed Platforms.ActiveCfg = Release|Win32
		{A9096F1A-F7EA-4D78-94F9-B76FAEE6CABC}.Release|Mixed Platforms.Build.0 = Release|Win32
		{A9096F1A-F7EA-4D78-94F9-B76FAEE6CABC}.Release|Win32.ActiveCfg = Release|Win32
		{A9096F1A-F7EA-4D78-94F9-B76FAEE6CABC}.Release|Win32.Build.0 = Release|Win32
		{A9096F1A-F7EA-4D78-94F9-B76FAEE6CABC}.Release|x64.ActiveCfg = Release|x64
		{A9096F1A-F7EA-4D78-94F9-B76FAEE6CABC}.Release|x64.Build.0 = Release|x64
		{A9096F1A-F7EA-4D78-94F9-B76FAEE6CABC}.Release|x86.ActiveCfg = Release|Win32
		{A9096F1A-F7EA-4D78-94F9-B76FAEE6CABC}.Release|x86.Build.0 = Release|Win32
	EndGlobalSection
	GlobalSection(SolutionProperties) = preSolution
		HideSolutionNode = FALSE
	EndGlobalSection
EndGlobal
