<?xml version="1.0" encoding="utf-8"?>
<Project ToolsVersion="4.0" xmlns="http://schemas.microsoft.com/developer/msbuild/2003">
  <ItemGroup>
    <ClCompile Include="src\Gameplay\Abilities\BasicAttack.cpp" />
    <ClCompile Include="src\Gameplay\Abilities\BasicProjectile.cpp" />
    <ClCompile Include="src\Environment\Boid.cpp" />
    <ClCompile Include="src\Environment\Boidstorm.cpp" />
    <ClCompile Include="src\Gameplay\Abilities\BudgetMenuBeverage.cpp" />
    <ClCompile Include="src\Gameplay\Characters\CharacterData.cpp" />
    <ClCompile Include="src\Gameplay\Abilities\CosmicSpaghetti.cpp" />
    <ClCompile Include="src\GamestateIO\DialogBehaviorIO.cpp" />
    <ClCompile Include="src\GameConfiguration.cpp" />
    <ClCompile Include="src\Gameplay\Abilities\HauntedCreature.cpp" />
    <ClCompile Include="src\Gameplay\Abilities\HuntOfTheHaunted.cpp" />
    <ClCompile Include="src\Gameplay\Abilities\NomBarHeal.cpp" />
    <ClCompile Include="src\Gameplay\Abilities\Recall.cpp" />
    <ClCompile Include="src\Gameplay\Abilities\RideBike.cpp" />
    <ClCompile Include="src\Gameplay\Abilities\SpookySpaceMeringue.cpp" />
    <ClCompile Include="src\Gamestate\StandardMatch5v5State.cpp" />
    <ClCompile Include="src\Gameplay\Abilities\TheSlurpening.cpp" />
    <ClCompile Include="src\Gameplay\Abilities\ZZzzz.cpp" />
    <ClCompile Include="src\Gameplay\Abilities\AntiFireball.cpp" />
    <ClCompile Include="src\Gameplay\Abilities\MotoBoost.cpp" />
    <ClCompile Include="src\Gameplay\Items\ItemData.cpp" />
    <ClCompile Include="src\Gamestate\CoreGameState.cpp" />
    <ClCompile Include="src\Gamestate\CustomMatchState.cpp" />
    <ClCompile Include="src\Gameplay\Quests\OwlQuestStandard1.cpp" />
    <ClCompile Include="src\Gameplay\Quests\OwlQuestStandard1Config.cpp" />
    <ClCompile Include="src\Gameplay\ModeConfig\BaseMapConfigForStandard.cpp" />
    <ClCompile Include="src\Gameplay\ModeConfig\BarebonesConfigForStandard.cpp" />
    <ClCompile Include="src\Gameplay\ModeConfigIO\ModeConfigurationFactory.cpp" />
    <ClCompile Include="src\Gameplay\Maps\MapBarebones.cpp" />
    <ClCompile Include="src\Gameplay\Maps\MapTabulaRasa.cpp" />
    <ClCompile Include="src\Gameplay\ModeConfig\TabulaRasaConfigForStandard.cpp" />
    <ClCompile Include="src\Gamestate\OpenWorldState.cpp" />
    <ClCompile Include="src\Gameplay\ModeConfig\BaseMapConfigForOpenWorld.cpp" />
    <ClCompile Include="src\Gameplay\ModeConfig\BarebonesConfigForOpenWorld.cpp" />
    <ClCompile Include="src\Gameplay\Characters\VisionOwl\VisionOwlInteractionController.cpp" />
    <ClCompile Include="src\Gameplay\Characters\VisionOwl\VisionOwlDialogBehavior.cpp" />
    <ClCompile Include="src\Gameplay\Characters\VisionOwl\VisionOwl.cpp" />
    <ClCompile Include="src\Gameplay\Characters\AngryCat\AngryCatInteractionController.cpp" />
    <ClCompile Include="src\Gameplay\Characters\AngryCat\AngryCat.cpp" />
    <ClCompile Include="src\Gameplay\Characters\VisionOwl\VisionOwlStandard1InteractionController.cpp" />
    <ClCompile Include="src\Gameplay\Abilities\EternalLight.cpp" />
    <ClCompile Include="src\Gameplay\Abilities\ElixirBurst.cpp" />
    <ClCompile Include="src\Gameplay\Abilities\HiddenPower.cpp" />
    <ClCompile Include="src\Gameplay\Characters\CoreCharacter.cpp" />
    <ClCompile Include="src\Gameplay\Characters\CorePlayerCharacterController.cpp" />
    <ClCompile Include="src\Gameplay\Characters\CoreNPCController.cpp" />
    <ClCompile Include="src\Gameplay\Characters\CoreCharacterController.cpp" />
    <ClCompile Include="src\GamestateIO\CoreActorFactory.cpp" />
    <ClCompile Include="src\GamestateIO\CoreActorStatsFactory.cpp" />
    <ClCompile Include="src\GamestateIO\CoreCharacterFactory.cpp" />
    <ClCompile Include="src\GamestateIO\CorePlayerCharacterControllerFactory.cpp" />
    <ClCompile Include="src\GamestateIO\CoreNPCControllerFactory.cpp" />
    <ClCompile Include="src\Gameplay\Abilities\ValiantLeap.cpp" />
    <ClCompile Include="src\Gameplay\Abilities\HealTurret.cpp" />
    <ClCompile Include="src\Gameplay\Abilities\HealLaser.cpp" />
  </ItemGroup>
  <ItemGroup>
    <ClInclude Include="src\Gameplay\Abilities\AbilityName.h" />
    <ClInclude Include="src\Gameplay\Abilities\BasicAttack.h" />
    <ClInclude Include="src\Gameplay\Abilities\BasicProjectile.h" />
    <ClInclude Include="src\Environment\Boid.h" />
    <ClInclude Include="src\Environment\Boidstorm.h" />
    <ClInclude Include="src\Gameplay\Abilities\BudgetMenuBeverage.h" />
    <ClInclude Include="src\Gameplay\Characters\CharacterClassName.h" />
    <ClInclude Include="src\Gameplay\Characters\CharacterData.h" />
    <ClInclude Include="src\Gameplay\Abilities\CosmicSpaghetti.h" />
    <ClInclude Include="src\GamestateIO\DialogBehaviorIO.h" />
    <ClInclude Include="src\GameConfiguration.h" />
    <ClInclude Include="src\Gameplay\Abilities\HauntedCreature.h" />
    <ClInclude Include="src\Gameplay\Abilities\HuntOfTheHaunted.h" />
    <ClInclude Include="src\Gameplay\Abilities\NomBarHeal.h" />
    <ClInclude Include="src\Gameplay\Abilities\Recall.h" />
    <ClInclude Include="src\Gameplay\Abilities\RideBike.h" />
    <ClInclude Include="src\Gameplay\Abilities\SpookySpaceMeringue.h" />
    <ClInclude Include="src\Gamestate\StandardMatch5v5State.h" />
    <ClInclude Include="src\Gameplay\Abilities\TheSlurpening.h" />
    <ClInclude Include="src\Gameplay\Abilities\ZZzzz.h" />
    <ClInclude Include="src\Gameplay\TeamName.h" />
    <ClInclude Include="src\Gamestate\GameMode.h" />
    <ClInclude Include="src\Gameplay\Abilities\AntiFireball.h" />
    <ClInclude Include="src\Gameplay\Abilities\MotoBoost.h" />
    <ClInclude Include="src\Gameplay\Buffs\BuffName.h" />
    <ClInclude Include="src\Gameplay\Abilities\AbilityIncludes.h" />
    <ClInclude Include="src\Gameplay\Items\ItemName.h" />
    <ClInclude Include="src\Gameplay\Items\ItemData.h" />
    <ClInclude Include="src\Gamestate\AssetMeshNameEnum.h" />
    <ClInclude Include="src\Gamestate\CoreGameState.h" />
    <ClInclude Include="src\Gameplay\DamageEvent.h" />
    <ClInclude Include="src\Gamestate\CustomMatchState.h" />
    <ClInclude Include="src\Gameplay\Quests\OwlQuestStandard1.h" />
    <ClInclude Include="src\Gameplay\Quests\OwlQuestStandard1Config.h" />
    <ClInclude Include="src\Gameplay\MapsIO\MapFactory.h" />
    <ClInclude Include="src\Gameplay\ModeConfig\BarebonesConfigForStandard.h" />
    <ClInclude Include="src\Gameplay\ModeConfig\BaseMapConfigForStandard.h" />
    <ClInclude Include="src\Gameplay\ModeConfigIO\ModeConfigurationFactory.h" />
    <ClInclude Include="src\Gamestate\GameMapId.h" />
    <ClInclude Include="src\Gameplay\Maps\MapBarebones.h" />
    <ClInclude Include="src\Gameplay\Maps\MapTabulaRasa.h" />
    <ClInclude Include="src\Gameplay\ModeConfig\TabulaRasaConfigForStandard.h" />
    <ClInclude Include="src\Gamestate\OpenWorldState.h" />
    <ClInclude Include="src\Gameplay\ModeConfig\BaseMapConfigForOpenWorld.h" />
    <ClInclude Include="src\Gameplay\ModeConfig\BarebonesConfigForOpenWorld.h" />
    <ClInclude Include="src\Gameplay\Characters\VisionOwl\VisionOwlInteractionController.h" />
    <ClInclude Include="src\Gameplay\Characters\VisionOwl\VisionOwlDialogBehavior.h" />
    <ClInclude Include="src\Gameplay\Characters\VisionOwl\VisionOwl.h" />
    <ClInclude Include="src\Gameplay\Characters\AngryCat\AngryCat.h" />
    <ClInclude Include="src\Gameplay\Characters\AngryCat\AngryCatInteractionController.h" />
    <ClInclude Include="src\Gameplay\Characters\VisionOwl\VisionOwlStandard1InteractionController.h" />
    <ClInclude Include="src\Gameplay\Abilities\EternalLight.h" />
    <ClInclude Include="src\Gameplay\Abilities\ElixirBurst.h" />
    <ClInclude Include="src\Gameplay\Abilities\HiddenPower.h" />
    <ClInclude Include="src\Gameplay\Characters\CoreCharacter.h" />
    <ClInclude Include="src\Gameplay\Characters\AbilitySlotType.h" />
    <ClInclude Include="src\Gameplay\Characters\CorePlayerCharacterController.h" />
    <ClInclude Include="src\Gameplay\Characters\CoreNPCController.h" />
    <ClInclude Include="src\Gameplay\Characters\CoreCharacterController.h" />
    <ClInclude Include="src\GamestateIO\CoreCharacterFactory.h" />
    <ClInclude Include="src\GamestateIO\CoreActorFactory.h" />
    <ClInclude Include="src\GamestateIO\CoreActorStatsFactory.h" />
    <ClInclude Include="src\GamestateIO\CorePlayerCharacterControllerFactory.h" />
    <ClInclude Include="src\GamestateIO\CoreNPCControllerFactory.h" />
    <ClInclude Include="src\Gameplay\Quests\InvName.h" />
    <ClInclude Include="src\Gameplay\Abilities\ValiantLeap.h" />
    <ClInclude Include="src\Gameplay\Abilities\HealTurret.h" />
    <ClInclude Include="src\Gameplay\Abilities\HealLaser.h" />
  </ItemGroup>
</Project>